
Microsoft Visual Studio Solution File, Format Version 12.00
# Visual Studio Version 17
VisualStudioVersion = 17.7.34221.43
MinimumVisualStudioVersion = 10.0.40219.1
Project("{FAE04EC0-301F-11D3-BF4B-00C04F79EFBC}") = "ConsoleApp12", "ConsoleApp12.csproj", "{EFEB9A15-38DD-48A7-9225-E0F43C634B9F}"
EndProject
Global
	GlobalSection(SolutionConfigurationPlatforms) = preSolution
		Debug|Any CPU = Debug|Any CPU
		Release|Any CPU = Release|Any CPU
	EndGlobalSection
	GlobalSection(ProjectConfigurationPlatforms) = postSolution
		{EFEB9A15-38DD-48A7-9225-E0F43C634B9F}.Debug|Any CPU.ActiveCfg = Debug|Any CPU
		{EFEB9A15-38DD-48A7-9225-E0F43C634B9F}.Debug|Any CPU.Build.0 = Debug|Any CPU
		{EFEB9A15-38DD-48A7-9225-E0F43C634B9F}.Release|Any CPU.ActiveCfg = Release|Any CPU
		{EFEB9A15-38DD-48A7-9225-E0F43C634B9F}.Release|Any CPU.Build.0 = Release|Any CPU
	EndGlobalSection
	GlobalSection(SolutionProperties) = preSolution
		HideSolutionNode = FALSE
	EndGlobalSection
	GlobalSection(ExtensibilityGlobals) = postSolution
		SolutionGuid = {CC3D3034-9955-48EC-8E2D-A08E7D486931}
	EndGlobalSection
EndGlobal
